// !$*UTF8*$!
{
	archiveVersion = 1;
	classes = {
	};
	objectVersion = 56;
	objects = {

/* Begin PBXBuildFile section */
		9D3904262B571D0F00FFF07B /* CustomHeader.swift in Sources */ = {isa = PBXBuildFile; fileRef = 9D3904252B571D0F00FFF07B /* CustomHeader.swift */; };
		9DCAC5012B5173910040C327 /* AppDelegate.swift in Sources */ = {isa = PBXBuildFile; fileRef = 9DCAC5002B5173910040C327 /* AppDelegate.swift */; };
		9DCAC5032B5173910040C327 /* SceneDelegate.swift in Sources */ = {isa = PBXBuildFile; fileRef = 9DCAC5022B5173910040C327 /* SceneDelegate.swift */; };
		9DCAC5052B5173910040C327 /* ViewController.swift in Sources */ = {isa = PBXBuildFile; fileRef = 9DCAC5042B5173910040C327 /* ViewController.swift */; };
		9DCAC50A2B5173920040C327 /* Assets.xcassets in Resources */ = {isa = PBXBuildFile; fileRef = 9DCAC5092B5173920040C327 /* Assets.xcassets */; };
		9DCAC50D2B5173920040C327 /* LaunchScreen.storyboard in Resources */ = {isa = PBXBuildFile; fileRef = 9DCAC50B2B5173920040C327 /* LaunchScreen.storyboard */; };
		9DCAC5202B51F1EB0040C327 /* EventsHeader.swift in Sources */ = {isa = PBXBuildFile; fileRef = 9DCAC51F2B51F1EB0040C327 /* EventsHeader.swift */; };
		9DCAC5222B51F2070040C327 /* EventCollectionCell.swift in Sources */ = {isa = PBXBuildFile; fileRef = 9DCAC5212B51F2070040C327 /* EventCollectionCell.swift */; };
		9DCAC5252B51F7210040C327 /* UIImage.swift in Sources */ = {isa = PBXBuildFile; fileRef = 9DCAC5242B51F7210040C327 /* UIImage.swift */; };
		9DCAC5282B52C4330040C327 /* MenuSectionsHeader.swift in Sources */ = {isa = PBXBuildFile; fileRef = 9DCAC5272B52C4330040C327 /* MenuSectionsHeader.swift */; };
		9DCAC52A2B52C4440040C327 /* MenuSectionCell.swift in Sources */ = {isa = PBXBuildFile; fileRef = 9DCAC5292B52C4430040C327 /* MenuSectionCell.swift */; };
		9DCAC52C2B52D15C0040C327 /* UIColor.swift in Sources */ = {isa = PBXBuildFile; fileRef = 9DCAC52B2B52D15C0040C327 /* UIColor.swift */; };
		9DCAC52E2B52D19C0040C327 /* Color.xcassets in Resources */ = {isa = PBXBuildFile; fileRef = 9DCAC52D2B52D19C0040C327 /* Color.xcassets */; };
		9DCAC5302B52EC330040C327 /* UIFont.swift in Sources */ = {isa = PBXBuildFile; fileRef = 9DCAC52F2B52EC330040C327 /* UIFont.swift */; };
		9DCAC5382B5337220040C327 /* DishCell.swift in Sources */ = {isa = PBXBuildFile; fileRef = 9DCAC5372B5337220040C327 /* DishCell.swift */; };
		9DCAC53A2B5463320040C327 /* MenuViewController.swift in Sources */ = {isa = PBXBuildFile; fileRef = 9DCAC5392B5463320040C327 /* MenuViewController.swift */; };
/* End PBXBuildFile section */

/* Begin PBXFileReference section */
		9D3904252B571D0F00FFF07B /* CustomHeader.swift */ = {isa = PBXFileReference; lastKnownFileType = sourcecode.swift; path = CustomHeader.swift; sourceTree = "<group>"; };
		9DCAC4FD2B5173910040C327 /* testTaskPizza.app */ = {isa = PBXFileReference; explicitFileType = wrapper.application; includeInIndex = 0; path = testTaskPizza.app; sourceTree = BUILT_PRODUCTS_DIR; };
		9DCAC5002B5173910040C327 /* AppDelegate.swift */ = {isa = PBXFileReference; lastKnownFileType = sourcecode.swift; path = AppDelegate.swift; sourceTree = "<group>"; };
		9DCAC5022B5173910040C327 /* SceneDelegate.swift */ = {isa = PBXFileReference; lastKnownFileType = sourcecode.swift; path = SceneDelegate.swift; sourceTree = "<group>"; };
		9DCAC5042B5173910040C327 /* ViewController.swift */ = {isa = PBXFileReference; lastKnownFileType = sourcecode.swift; path = ViewController.swift; sourceTree = "<group>"; };
		9DCAC5092B5173920040C327 /* Assets.xcassets */ = {isa = PBXFileReference; lastKnownFileType = folder.assetcatalog; path = Assets.xcassets; sourceTree = "<group>"; };
		9DCAC50C2B5173920040C327 /* Base */ = {isa = PBXFileReference; lastKnownFileType = file.storyboard; name = Base; path = Base.lproj/LaunchScreen.storyboard; sourceTree = "<group>"; };
		9DCAC50E2B5173920040C327 /* Info.plist */ = {isa = PBXFileReference; lastKnownFileType = text.plist.xml; path = Info.plist; sourceTree = "<group>"; };
		9DCAC51F2B51F1EB0040C327 /* EventsHeader.swift */ = {isa = PBXFileReference; lastKnownFileType = sourcecode.swift; path = EventsHeader.swift; sourceTree = "<group>"; };
		9DCAC5212B51F2070040C327 /* EventCollectionCell.swift */ = {isa = PBXFileReference; lastKnownFileType = sourcecode.swift; path = EventCollectionCell.swift; sourceTree = "<group>"; };
		9DCAC5242B51F7210040C327 /* UIImage.swift */ = {isa = PBXFileReference; lastKnownFileType = sourcecode.swift; path = UIImage.swift; sourceTree = "<group>"; };
		9DCAC5272B52C4330040C327 /* MenuSectionsHeader.swift */ = {isa = PBXFileReference; lastKnownFileType = sourcecode.swift; path = MenuSectionsHeader.swift; sourceTree = "<group>"; };
		9DCAC5292B52C4430040C327 /* MenuSectionCell.swift */ = {isa = PBXFileReference; lastKnownFileType = sourcecode.swift; path = MenuSectionCell.swift; sourceTree = "<group>"; };
		9DCAC52B2B52D15C0040C327 /* UIColor.swift */ = {isa = PBXFileReference; lastKnownFileType = sourcecode.swift; path = UIColor.swift; sourceTree = "<group>"; };
		9DCAC52D2B52D19C0040C327 /* Color.xcassets */ = {isa = PBXFileReference; lastKnownFileType = folder.assetcatalog; path = Color.xcassets; sourceTree = "<group>"; };
		9DCAC52F2B52EC330040C327 /* UIFont.swift */ = {isa = PBXFileReference; lastKnownFileType = sourcecode.swift; path = UIFont.swift; sourceTree = "<group>"; };
		9DCAC5372B5337220040C327 /* DishCell.swift */ = {isa = PBXFileReference; lastKnownFileType = sourcecode.swift; path = DishCell.swift; sourceTree = "<group>"; };
		9DCAC5392B5463320040C327 /* MenuViewController.swift */ = {isa = PBXFileReference; lastKnownFileType = sourcecode.swift; path = MenuViewController.swift; sourceTree = "<group>"; };
/* End PBXFileReference section */

/* Begin PBXFrameworksBuildPhase section */
		9DCAC4FA2B5173910040C327 /* Frameworks */ = {
			isa = PBXFrameworksBuildPhase;
			buildActionMask = 2147483647;
			files = (
			);
			runOnlyForDeploymentPostprocessing = 0;
		};
/* End PBXFrameworksBuildPhase section */

/* Begin PBXGroup section */
		9DCAC4F42B5173910040C327 = {
			isa = PBXGroup;
			children = (
				9DCAC4FF2B5173910040C327 /* testTaskPizza */,
				9DCAC4FE2B5173910040C327 /* Products */,
			);
			sourceTree = "<group>";
		};
		9DCAC4FE2B5173910040C327 /* Products */ = {
			isa = PBXGroup;
			children = (
				9DCAC4FD2B5173910040C327 /* testTaskPizza.app */,
			);
			name = Products;
			sourceTree = "<group>";
		};
		9DCAC4FF2B5173910040C327 /* testTaskPizza */ = {
			isa = PBXGroup;
			children = (
				9DCAC51B2B51EF6B0040C327 /* Application */,
				9DCAC5042B5173910040C327 /* ViewController.swift */,
				9DCAC5142B5175630040C327 /* MVP */,
				9DCAC51A2B51EF3E0040C327 /* Resources */,
				9DCAC5232B51F7060040C327 /* Utils */,
				9DCAC50E2B5173920040C327 /* Info.plist */,
			);
			path = testTaskPizza;
			sourceTree = "<group>";
		};
		9DCAC5142B5175630040C327 /* MVP */ = {
			isa = PBXGroup;
			children = (
				9DCAC5152B51EA6A0040C327 /* View */,
			);
			path = MVP;
			sourceTree = "<group>";
		};
		9DCAC5152B51EA6A0040C327 /* View */ = {
			isa = PBXGroup;
			children = (
				9DCAC51E2B51F1BB0040C327 /* EventsCell */,
				9DCAC5262B52C32F0040C327 /* MenuSectionsHeader */,
				9D3904252B571D0F00FFF07B /* CustomHeader.swift */,
				9DCAC5372B5337220040C327 /* DishCell.swift */,
				9DCAC5392B5463320040C327 /* MenuViewController.swift */,
			);
			path = View;
			sourceTree = "<group>";
		};
		9DCAC51A2B51EF3E0040C327 /* Resources */ = {
			isa = PBXGroup;
			children = (
				9DCAC5092B5173920040C327 /* Assets.xcassets */,
				9DCAC52D2B52D19C0040C327 /* Color.xcassets */,
				9DCAC50B2B5173920040C327 /* LaunchScreen.storyboard */,
			);
			path = Resources;
			sourceTree = "<group>";
		};
		9DCAC51B2B51EF6B0040C327 /* Application */ = {
			isa = PBXGroup;
			children = (
				9DCAC5002B5173910040C327 /* AppDelegate.swift */,
				9DCAC5022B5173910040C327 /* SceneDelegate.swift */,
			);
			path = Application;
			sourceTree = "<group>";
		};
		9DCAC51E2B51F1BB0040C327 /* EventsCell */ = {
			isa = PBXGroup;
			children = (
				9DCAC5212B51F2070040C327 /* EventCollectionCell.swift */,
				9DCAC51F2B51F1EB0040C327 /* EventsHeader.swift */,
			);
			path = EventsCell;
			sourceTree = "<group>";
		};
		9DCAC5232B51F7060040C327 /* Utils */ = {
			isa = PBXGroup;
			children = (
				9DCAC52B2B52D15C0040C327 /* UIColor.swift */,
				9DCAC5242B51F7210040C327 /* UIImage.swift */,
				9DCAC52F2B52EC330040C327 /* UIFont.swift */,
			);
			path = Utils;
			sourceTree = "<group>";
		};
		9DCAC5262B52C32F0040C327 /* MenuSectionsHeader */ = {
			isa = PBXGroup;
			children = (
				9DCAC5292B52C4430040C327 /* MenuSectionCell.swift */,
				9DCAC5272B52C4330040C327 /* MenuSectionsHeader.swift */,
			);
			path = MenuSectionsHeader;
			sourceTree = "<group>";
		};
/* End PBXGroup section */

/* Begin PBXNativeTarget section */
		9DCAC4FC2B5173910040C327 /* testTaskPizza */ = {
			isa = PBXNativeTarget;
			buildConfigurationList = 9DCAC5112B5173920040C327 /* Build configuration list for PBXNativeTarget "testTaskPizza" */;
			buildPhases = (
				9DCAC4F92B5173910040C327 /* Sources */,
				9DCAC4FA2B5173910040C327 /* Frameworks */,
				9DCAC4FB2B5173910040C327 /* Resources */,
			);
			buildRules = (
			);
			dependencies = (
			);
			name = testTaskPizza;
			productName = testTaskPizza;
			productReference = 9DCAC4FD2B5173910040C327 /* testTaskPizza.app */;
			productType = "com.apple.product-type.application";
		};
/* End PBXNativeTarget section */

/* Begin PBXProject section */
		9DCAC4F52B5173910040C327 /* Project object */ = {
			isa = PBXProject;
			attributes = {
				BuildIndependentTargetsInParallel = 1;
				LastSwiftUpdateCheck = 1520;
				LastUpgradeCheck = 1520;
				TargetAttributes = {
					9DCAC4FC2B5173910040C327 = {
						CreatedOnToolsVersion = 15.2;
					};
				};
			};
			buildConfigurationList = 9DCAC4F82B5173910040C327 /* Build configuration list for PBXProject "testTaskPizza" */;
			compatibilityVersion = "Xcode 14.0";
			developmentRegion = en;
			hasScannedForEncodings = 0;
			knownRegions = (
				en,
				Base,
			);
			mainGroup = 9DCAC4F42B5173910040C327;
			productRefGroup = 9DCAC4FE2B5173910040C327 /* Products */;
			projectDirPath = "";
			projectRoot = "";
			targets = (
				9DCAC4FC2B5173910040C327 /* testTaskPizza */,
			);
		};
/* End PBXProject section */

/* Begin PBXResourcesBuildPhase section */
		9DCAC4FB2B5173910040C327 /* Resources */ = {
			isa = PBXResourcesBuildPhase;
			buildActionMask = 2147483647;
			files = (
				9DCAC50D2B5173920040C327 /* LaunchScreen.storyboard in Resources */,
				9DCAC50A2B5173920040C327 /* Assets.xcassets in Resources */,
				9DCAC52E2B52D19C0040C327 /* Color.xcassets in Resources */,
			);
			runOnlyForDeploymentPostprocessing = 0;
		};
/* End PBXResourcesBuildPhase section */

/* Begin PBXSourcesBuildPhase section */
		9DCAC4F92B5173910040C327 /* Sources */ = {
			isa = PBXSourcesBuildPhase;
			buildActionMask = 2147483647;
			files = (
				9DCAC5052B5173910040C327 /* ViewController.swift in Sources */,
				9DCAC5282B52C4330040C327 /* MenuSectionsHeader.swift in Sources */,
				9DCAC5012B5173910040C327 /* AppDelegate.swift in Sources */,
				9DCAC5032B5173910040C327 /* SceneDelegate.swift in Sources */,
				9DCAC52A2B52C4440040C327 /* MenuSectionCell.swift in Sources */,
				9DCAC53A2B5463320040C327 /* MenuViewController.swift in Sources */,
				9DCAC5202B51F1EB0040C327 /* EventsHeader.swift in Sources */,
				9DCAC5302B52EC330040C327 /* UIFont.swift in Sources */,
				9DCAC5222B51F2070040C327 /* EventCollectionCell.swift in Sources */,
				9DCAC5382B5337220040C327 /* DishCell.swift in Sources */,
				9DCAC5252B51F7210040C327 /* UIImage.swift in Sources */,
				9DCAC52C2B52D15C0040C327 /* UIColor.swift in Sources */,
				9D3904262B571D0F00FFF07B /* CustomHeader.swift in Sources */,
			);
			runOnlyForDeploymentPostprocessing = 0;
		};
/* End PBXSourcesBuildPhase section */

/* Begin PBXVariantGroup section */
		9DCAC50B2B5173920040C327 /* LaunchScreen.storyboard */ = {
			isa = PBXVariantGroup;
			children = (
				9DCAC50C2B5173920040C327 /* Base */,
			);
			name = LaunchScreen.storyboard;
			sourceTree = "<group>";
		};
/* End PBXVariantGroup section */

/* Begin XCBuildConfiguration section */
		9DCAC50F2B5173920040C327 /* Debug */ = {
			isa = XCBuildConfiguration;
			buildSettings = {
				ALWAYS_SEARCH_USER_PATHS = NO;
				ASSETCATALOG_COMPILER_GENERATE_SWIFT_ASSET_SYMBOL_EXTENSIONS = YES;
				CLANG_ANALYZER_NONNULL = YES;
				CLANG_ANALYZER_NUMBER_OBJECT_CONVERSION = YES_AGGRESSIVE;
				CLANG_CXX_LANGUAGE_STANDARD = "gnu++20";
				CLANG_ENABLE_MODULES = YES;
				CLANG_ENABLE_OBJC_ARC = YES;
				CLANG_ENABLE_OBJC_WEAK = YES;
				CLANG_WARN_BLOCK_CAPTURE_AUTORELEASING = YES;
				CLANG_WARN_BOOL_CONVERSION = YES;
				CLANG_WARN_COMMA = YES;
				CLANG_WARN_CONSTANT_CONVERSION = YES;
				CLANG_WARN_DEPRECATED_OBJC_IMPLEMENTATIONS = YES;
				CLANG_WARN_DIRECT_OBJC_ISA_USAGE = YES_ERROR;
				CLANG_WARN_DOCUMENTATION_COMMENTS = YES;
				CLANG_WARN_EMPTY_BODY = YES;
				CLANG_WARN_ENUM_CONVERSION = YES;
				CLANG_WARN_INFINITE_RECURSION = YES;
				CLANG_WARN_INT_CONVERSION = YES;
				CLANG_WARN_NON_LITERAL_NULL_CONVERSION = YES;
				CLANG_WARN_OBJC_IMPLICIT_RETAIN_SELF = YES;
				CLANG_WARN_OBJC_LITERAL_CONVERSION = YES;
				CLANG_WARN_OBJC_ROOT_CLASS = YES_ERROR;
				CLANG_WARN_QUOTED_INCLUDE_IN_FRAMEWORK_HEADER = YES;
				CLANG_WARN_RANGE_LOOP_ANALYSIS = YES;
				CLANG_WARN_STRICT_PROTOTYPES = YES;
				CLANG_WARN_SUSPICIOUS_MOVE = YES;
				CLANG_WARN_UNGUARDED_AVAILABILITY = YES_AGGRESSIVE;
				CLANG_WARN_UNREACHABLE_CODE = YES;
				CLANG_WARN__DUPLICATE_METHOD_MATCH = YES;
				COPY_PHASE_STRIP = NO;
				DEBUG_INFORMATION_FORMAT = dwarf;
				ENABLE_STRICT_OBJC_MSGSEND = YES;
				ENABLE_TESTABILITY = YES;
				ENABLE_USER_SCRIPT_SANDBOXING = YES;
				GCC_C_LANGUAGE_STANDARD = gnu17;
				GCC_DYNAMIC_NO_PIC = NO;
				GCC_NO_COMMON_BLOCKS = YES;
				GCC_OPTIMIZATION_LEVEL = 0;
				GCC_PREPROCESSOR_DEFINITIONS = (
					"DEBUG=1",
					"$(inherited)",
				);
				GCC_WARN_64_TO_32_BIT_CONVERSION = YES;
				GCC_WARN_ABOUT_RETURN_TYPE = YES_ERROR;
				GCC_WARN_UNDECLARED_SELECTOR = YES;
				GCC_WARN_UNINITIALIZED_AUTOS = YES_AGGRESSIVE;
				GCC_WARN_UNUSED_FUNCTION = YES;
				GCC_WARN_UNUSED_VARIABLE = YES;
				IPHONEOS_DEPLOYMENT_TARGET = 17.2;
				LOCALIZATION_PREFERS_STRING_CATALOGS = YES;
				MTL_ENABLE_DEBUG_INFO = INCLUDE_SOURCE;
				MTL_FAST_MATH = YES;
				ONLY_ACTIVE_ARCH = YES;
				SDKROOT = iphoneos;
				SWIFT_ACTIVE_COMPILATION_CONDITIONS = "DEBUG $(inherited)";
				SWIFT_OPTIMIZATION_LEVEL = "-Onone";
			};
			name = Debug;
		};
		9DCAC5102B5173920040C327 /* Release */ = {
			isa = XCBuildConfiguration;
			buildSettings = {
				ALWAYS_SEARCH_USER_PATHS = NO;
				ASSETCATALOG_COMPILER_GENERATE_SWIFT_ASSET_SYMBOL_EXTENSIONS = YES;
				CLANG_ANALYZER_NONNULL = YES;
				CLANG_ANALYZER_NUMBER_OBJECT_CONVERSION = YES_AGGRESSIVE;
				CLANG_CXX_LANGUAGE_STANDARD = "gnu++20";
				CLANG_ENABLE_MODULES = YES;
				CLANG_ENABLE_OBJC_ARC = YES;
				CLANG_ENABLE_OBJC_WEAK = YES;
				CLANG_WARN_BLOCK_CAPTURE_AUTORELEASING = YES;
				CLANG_WARN_BOOL_CONVERSION = YES;
				CLANG_WARN_COMMA = YES;
				CLANG_WARN_CONSTANT_CONVERSION = YES;
				CLANG_WARN_DEPRECATED_OBJC_IMPLEMENTATIONS = YES;
				CLANG_WARN_DIRECT_OBJC_ISA_USAGE = YES_ERROR;
				CLANG_WARN_DOCUMENTATION_COMMENTS = YES;
				CLANG_WARN_EMPTY_BODY = YES;
				CLANG_WARN_ENUM_CONVERSION = YES;
				CLANG_WARN_INFINITE_RECURSION = YES;
				CLANG_WARN_INT_CONVERSION = YES;
				CLANG_WARN_NON_LITERAL_NULL_CONVERSION = YES;
				CLANG_WARN_OBJC_IMPLICIT_RETAIN_SELF = YES;
				CLANG_WARN_OBJC_LITERAL_CONVERSION = YES;
				CLANG_WARN_OBJC_ROOT_CLASS = YES_ERROR;
				CLANG_WARN_QUOTED_INCLUDE_IN_FRAMEWORK_HEADER = YES;
				CLANG_WARN_RANGE_LOOP_ANALYSIS = YES;
				CLANG_WARN_STRICT_PROTOTYPES = YES;
				CLANG_WARN_SUSPICIOUS_MOVE = YES;
				CLANG_WARN_UNGUARDED_AVAILABILITY = YES_AGGRESSIVE;
				CLANG_WARN_UNREACHABLE_CODE = YES;
				CLANG_WARN__DUPLICATE_METHOD_MATCH = YES;
				COPY_PHASE_STRIP = NO;
				DEBUG_INFORMATION_FORMAT = "dwarf-with-dsym";
				ENABLE_NS_ASSERTIONS = NO;
				ENABLE_STRICT_OBJC_MSGSEND = YES;
				ENABLE_USER_SCRIPT_SANDBOXING = YES;
				GCC_C_LANGUAGE_STANDARD = gnu17;
				GCC_NO_COMMON_BLOCKS = YES;
				GCC_WARN_64_TO_32_BIT_CONVERSION = YES;
				GCC_WARN_ABOUT_RETURN_TYPE = YES_ERROR;
				GCC_WARN_UNDECLARED_SELECTOR = YES;
				GCC_WARN_UNINITIALIZED_AUTOS = YES_AGGRESSIVE;
				GCC_WARN_UNUSED_FUNCTION = YES;
				GCC_WARN_UNUSED_VARIABLE = YES;
				IPHONEOS_DEPLOYMENT_TARGET = 17.2;
				LOCALIZATION_PREFERS_STRING_CATALOGS = YES;
				MTL_ENABLE_DEBUG_INFO = NO;
				MTL_FAST_MATH = YES;
				SDKROOT = iphoneos;
				SWIFT_COMPILATION_MODE = wholemodule;
				VALIDATE_PRODUCT = YES;
			};
			name = Release;
		};
		9DCAC5122B5173920040C327 /* Debug */ = {
			isa = XCBuildConfiguration;
			buildSettings = {
				ASSETCATALOG_COMPILER_APPICON_NAME = AppIcon;
				ASSETCATALOG_COMPILER_GLOBAL_ACCENT_COLOR_NAME = AccentColor;
				CODE_SIGN_STYLE = Automatic;
				CURRENT_PROJECT_VERSION = 1;
				DEVELOPMENT_TEAM = P2LBNZ3DVN;
				GENERATE_INFOPLIST_FILE = YES;
				INFOPLIST_FILE = testTaskPizza/Info.plist;
				INFOPLIST_KEY_UIApplicationSupportsIndirectInputEvents = YES;
				INFOPLIST_KEY_UILaunchStoryboardName = LaunchScreen;
				INFOPLIST_KEY_UIMainStoryboardFile = "";
				INFOPLIST_KEY_UISupportedInterfaceOrientations_iPad = "UIInterfaceOrientationPortrait UIInterfaceOrientationPortraitUpsideDown UIInterfaceOrientationLandscapeLeft UIInterfaceOrientationLandscapeRight";
				INFOPLIST_KEY_UISupportedInterfaceOrientations_iPhone = "UIInterfaceOrientationPortrait UIInterfaceOrientationLandscapeLeft UIInterfaceOrientationLandscapeRight";
				LD_RUNPATH_SEARCH_PATHS = (
					"$(inherited)",
					"@executable_path/Frameworks",
				);
				MARKETING_VERSION = 1.0;
				PRODUCT_BUNDLE_IDENTIFIER = "Banin-Andrey.testTaskPizza";
				PRODUCT_NAME = "$(TARGET_NAME)";
				SUPPORTED_PLATFORMS = "iphoneos iphonesimulator";
				SUPPORTS_MACCATALYST = NO;
				SUPPORTS_MAC_DESIGNED_FOR_IPHONE_IPAD = NO;
				SUPPORTS_XR_DESIGNED_FOR_IPHONE_IPAD = NO;
				SWIFT_EMIT_LOC_STRINGS = YES;
				SWIFT_VERSION = 5.0;
				TARGETED_DEVICE_FAMILY = 1;
			};
			name = Debug;
		};
		9DCAC5132B5173920040C327 /* Release */ = {
			isa = XCBuildConfiguration;
			buildSettings = {
				ASSETCATALOG_COMPILER_APPICON_NAME = AppIcon;
				ASSETCATALOG_COMPILER_GLOBAL_ACCENT_COLOR_NAME = AccentColor;
				CODE_SIGN_STYLE = Automatic;
				CURRENT_PROJECT_VERSION = 1;
				DEVELOPMENT_TEAM = P2LBNZ3DVN;
				GENERATE_INFOPLIST_FILE = YES;
				INFOPLIST_FILE = testTaskPizza/Info.plist;
				INFOPLIST_KEY_UIApplicationSupportsIndirectInputEvents = YES;
				INFOPLIST_KEY_UILaunchStoryboardName = LaunchScreen;
				INFOPLIST_KEY_UIMainStoryboardFile = "";
				INFOPLIST_KEY_UISupportedInterfaceOrientations_iPad = "UIInterfaceOrientationPortrait UIInterfaceOrientationPortraitUpsideDown UIInterfaceOrientationLandscapeLeft UIInterfaceOrientationLandscapeRight";
				INFOPLIST_KEY_UISupportedInterfaceOrientations_iPhone = "UIInterfaceOrientationPortrait UIInterfaceOrientationLandscapeLeft UIInterfaceOrientationLandscapeRight";
				LD_RUNPATH_SEARCH_PATHS = (
					"$(inherited)",
					"@executable_path/Frameworks",
				);
				MARKETING_VERSION = 1.0;
				PRODUCT_BUNDLE_IDENTIFIER = "Banin-Andrey.testTaskPizza";
				PRODUCT_NAME = "$(TARGET_NAME)";
				SUPPORTED_PLATFORMS = "iphoneos iphonesimulator";
				SUPPORTS_MACCATALYST = NO;
				SUPPORTS_MAC_DESIGNED_FOR_IPHONE_IPAD = NO;
				SUPPORTS_XR_DESIGNED_FOR_IPHONE_IPAD = NO;
				SWIFT_EMIT_LOC_STRINGS = YES;
				SWIFT_VERSION = 5.0;
				TARGETED_DEVICE_FAMILY = 1;
			};
			name = Release;
		};
/* End XCBuildConfiguration section */

/* Begin XCConfigurationList section */
		9DCAC4F82B5173910040C327 /* Build configuration list for PBXProject "testTaskPizza" */ = {
			isa = XCConfigurationList;
			buildConfigurations = (
				9DCAC50F2B5173920040C327 /* Debug */,
				9DCAC5102B5173920040C327 /* Release */,
			);
			defaultConfigurationIsVisible = 0;
			defaultConfigurationName = Release;
		};
		9DCAC5112B5173920040C327 /* Build configuration list for PBXNativeTarget "testTaskPizza" */ = {
			isa = XCConfigurationList;
			buildConfigurations = (
				9DCAC5122B5173920040C327 /* Debug */,
				9DCAC5132B5173920040C327 /* Release */,
			);
			defaultConfigurationIsVisible = 0;
			defaultConfigurationName = Release;
		};
/* End XCConfigurationList section */
	};
	rootObject = 9DCAC4F52B5173910040C327 /* Project object */;
}
